
Microsoft Visual Studio Solution File, Format Version 12.00
# Visual Studio Version 16
VisualStudioVersion = 16.0.33328.57
MinimumVisualStudioVersion = 10.0.40219.1
Project("{8BC9CEB8-8B4A-11D0-8D11-00A0C91BC942}") = "DeepCropClient", "DeepCropClient\DeepCropClient.vcxproj", "{E137C18A-A9EB-44A0-822E-3B534BE6797A}"
EndProject
Global
	GlobalSection(SolutionConfigurationPlatforms) = preSolution
		Debug|ARM = Debug|ARM
		Debug|ARM64 = Debug|ARM64
		Debug|x64 = Debug|x64
		Debug|x86 = Debug|x86
		Release|ARM = Release|ARM
		Release|ARM64 = Release|ARM64
		Release|x64 = Release|x64
		Release|x86 = Release|x86
	EndGlobalSection
	GlobalSection(ProjectConfigurationPlatforms) = postSolution
		{E137C18A-A9EB-44A0-822E-3B534BE6797A}.Debug|ARM.ActiveCfg = Debug|ARM
		{E137C18A-A9EB-44A0-822E-3B534BE6797A}.Debug|ARM.Build.0 = Debug|ARM
		{E137C18A-A9EB-44A0-822E-3B534BE6797A}.Debug|ARM.Deploy.0 = Debug|ARM
		{E137C18A-A9EB-44A0-822E-3B534BE6797A}.Debug|ARM64.ActiveCfg = Debug|ARM64
		{E137C18A-A9EB-44A0-822E-3B534BE6797A}.Debug|ARM64.Build.0 = Debug|ARM64
		{E137C18A-A9EB-44A0-822E-3B534BE6797A}.Debug|ARM64.Deploy.0 = Debug|ARM64
		{E137C18A-A9EB-44A0-822E-3B534BE6797A}.Debug|x64.ActiveCfg = Debug|x64
		{E137C18A-A9EB-44A0-822E-3B534BE6797A}.Debug|x64.Build.0 = Debug|x64
		{E137C18A-A9EB-44A0-822E-3B534BE6797A}.Debug|x64.Deploy.0 = Debug|x64
		{E137C18A-A9EB-44A0-822E-3B534BE6797A}.Debug|x86.ActiveCfg = Debug|x86
		{E137C18A-A9EB-44A0-822E-3B534BE6797A}.Debug|x86.Build.0 = Debug|x86
		{E137C18A-A9EB-44A0-822E-3B534BE6797A}.Debug|x86.Deploy.0 = Debug|x86
		{E137C18A-A9EB-44A0-822E-3B534BE6797A}.Release|ARM.ActiveCfg = Release|ARM
		{E137C18A-A9EB-44A0-822E-3B534BE6797A}.Release|ARM.Build.0 = Release|ARM
		{E137C18A-A9EB-44A0-822E-3B534BE6797A}.Release|ARM.Deploy.0 = Release|ARM
		{E137C18A-A9EB-44A0-822E-3B534BE6797A}.Release|ARM64.ActiveCfg = Release|ARM64
		{E137C18A-A9EB-44A0-822E-3B534BE6797A}.Release|ARM64.Build.0 = Release|ARM64
		{E137C18A-A9EB-44A0-822E-3B534BE6797A}.Release|ARM64.Deploy.0 = Release|ARM64
		{E137C18A-A9EB-44A0-822E-3B534BE6797A}.Release|x64.ActiveCfg = Release|x64
		{E137C18A-A9EB-44A0-822E-3B534BE6797A}.Release|x64.Build.0 = Release|x64
		{E137C18A-A9EB-44A0-822E-3B534BE6797A}.Release|x64.Deploy.0 = Release|x64
		{E137C18A-A9EB-44A0-822E-3B534BE6797A}.Release|x86.ActiveCfg = Release|x86
		{E137C18A-A9EB-44A0-822E-3B534BE6797A}.Release|x86.Build.0 = Release|x86
		{E137C18A-A9EB-44A0-822E-3B534BE6797A}.Release|x86.Deploy.0 = Release|x86
	EndGlobalSection
	GlobalSection(SolutionProperties) = preSolution
		HideSolutionNode = FALSE
	EndGlobalSection
	GlobalSection(ExtensibilityGlobals) = postSolution
		SolutionGuid = {CD1C83B9-4054-47E8-9142-C6A72F892F9E}
	EndGlobalSection
EndGlobal
